
Microsoft Visual Studio Solution File, Format Version 12.00
# Visual Studio 15
VisualStudioVersion = 15.0.28307.136
MinimumVisualStudioVersion = 10.0.40219.1
Project("{FAE04EC0-301F-11D3-BF4B-00C04F79EFBC}") = "QLDKCD", "QLDKCD\QLDKCD.csproj", "{AFFB003E-D17F-486C-A482-5CB5259735E7}"
EndProject
Global
	GlobalSection(SolutionConfigurationPlatforms) = preSolution
		Debug|Any CPU = Debug|Any CPU
		Release|Any CPU = Release|Any CPU
	EndGlobalSection
	GlobalSection(ProjectConfigurationPlatforms) = postSolution
		{AFFB003E-D17F-486C-A482-5CB5259735E7}.Debug|Any CPU.ActiveCfg = Debug|Any CPU
		{AFFB003E-D17F-486C-A482-5CB5259735E7}.Debug|Any CPU.Build.0 = Debug|Any CPU
		{AFFB003E-D17F-486C-A482-5CB5259735E7}.Release|Any CPU.ActiveCfg = Release|Any CPU
		{AFFB003E-D17F-486C-A482-5CB5259735E7}.Release|Any CPU.Build.0 = Release|Any CPU
	EndGlobalSection
	GlobalSection(SolutionProperties) = preSolution
		HideSolutionNode = FALSE
	EndGlobalSection
	GlobalSection(ExtensibilityGlobals) = postSolution
		SolutionGuid = {C6076D92-6E2A-432A-8226-D59F9D26B704}
	EndGlobalSection
EndGlobal
